
Microsoft Visual Studio Solution File, Format Version 12.00
# Visual Studio Version 17
VisualStudioVersion = 17.0.31903.59
MinimumVisualStudioVersion = 10.0.40219.1
Project("{FAE04EC0-301F-11D3-BF4B-00C04F79EFBC}") = "TopLevelFunctions", "TopLevelFunctions\TopLevelFunctions.csproj", "{AC3D607D-5DD9-441D-A989-AD89A718C1D7}"
EndProject
Project("{FAE04EC0-301F-11D3-BF4B-00C04F79EFBC}") = "WritingFunctions", "WritingFunctions\WritingFunctions.csproj", "{EBC5F3D9-8C64-468E-B110-F7DA452ADD18}"
EndProject
Project("{FAE04EC0-301F-11D3-BF4B-00C04F79EFBC}") = "Debugging", "Debugging\Debugging.csproj", "{AB12360F-49FD-4828-B379-00EE6E570BC2}"
EndProject
Project("{FAE04EC0-301F-11D3-BF4B-00C04F79EFBC}") = "HotReloading", "HotReloading\HotReloading.csproj", "{31BC4646-F3CF-4E55-9101-ED196F86C699}"
EndProject
Project("{FAE04EC0-301F-11D3-BF4B-00C04F79EFBC}") = "Instrumenting", "Instrumenting\Instrumenting.csproj", "{6BA41D3E-A50E-44CF-8302-83BACD17916C}"
EndProject
Project("{FAE04EC0-301F-11D3-BF4B-00C04F79EFBC}") = "CalculatorLib", "CalculatorLib\CalculatorLib.csproj", "{089EA369-67ED-4C1D-887C-805267706D1B}"
EndProject
Project("{FAE04EC0-301F-11D3-BF4B-00C04F79EFBC}") = "CalculatorLibUnitTests", "CalculatorLibUnitTests\CalculatorLibUnitTests.csproj", "{C42403BF-DACB-40F7-8305-6731ECA4A8CD}"
EndProject
Global
	GlobalSection(SolutionConfigurationPlatforms) = preSolution
		Debug|Any CPU = Debug|Any CPU
		Release|Any CPU = Release|Any CPU
	EndGlobalSection
	GlobalSection(SolutionProperties) = preSolution
		HideSolutionNode = FALSE
	EndGlobalSection
	GlobalSection(ProjectConfigurationPlatforms) = postSolution
		{AC3D607D-5DD9-441D-A989-AD89A718C1D7}.Debug|Any CPU.ActiveCfg = Debug|Any CPU
		{AC3D607D-5DD9-441D-A989-AD89A718C1D7}.Debug|Any CPU.Build.0 = Debug|Any CPU
		{AC3D607D-5DD9-441D-A989-AD89A718C1D7}.Release|Any CPU.ActiveCfg = Release|Any CPU
		{AC3D607D-5DD9-441D-A989-AD89A718C1D7}.Release|Any CPU.Build.0 = Release|Any CPU
		{FC27ADBE-BB06-47F9-B99E-5BFB24D0347C}.Debug|Any CPU.ActiveCfg = Debug|Any CPU
		{FC27ADBE-BB06-47F9-B99E-5BFB24D0347C}.Debug|Any CPU.Build.0 = Debug|Any CPU
		{FC27ADBE-BB06-47F9-B99E-5BFB24D0347C}.Release|Any CPU.ActiveCfg = Release|Any CPU
		{FC27ADBE-BB06-47F9-B99E-5BFB24D0347C}.Release|Any CPU.Build.0 = Release|Any CPU
		{EBC5F3D9-8C64-468E-B110-F7DA452ADD18}.Debug|Any CPU.ActiveCfg = Debug|Any CPU
		{EBC5F3D9-8C64-468E-B110-F7DA452ADD18}.Debug|Any CPU.Build.0 = Debug|Any CPU
		{EBC5F3D9-8C64-468E-B110-F7DA452ADD18}.Release|Any CPU.ActiveCfg = Release|Any CPU
		{EBC5F3D9-8C64-468E-B110-F7DA452ADD18}.Release|Any CPU.Build.0 = Release|Any CPU
		{AB12360F-49FD-4828-B379-00EE6E570BC2}.Debug|Any CPU.ActiveCfg = Debug|Any CPU
		{AB12360F-49FD-4828-B379-00EE6E570BC2}.Debug|Any CPU.Build.0 = Debug|Any CPU
		{AB12360F-49FD-4828-B379-00EE6E570BC2}.Release|Any CPU.ActiveCfg = Release|Any CPU
		{AB12360F-49FD-4828-B379-00EE6E570BC2}.Release|Any CPU.Build.0 = Release|Any CPU
		{31BC4646-F3CF-4E55-9101-ED196F86C699}.Debug|Any CPU.ActiveCfg = Debug|Any CPU
		{31BC4646-F3CF-4E55-9101-ED196F86C699}.Debug|Any CPU.Build.0 = Debug|Any CPU
		{31BC4646-F3CF-4E55-9101-ED196F86C699}.Release|Any CPU.ActiveCfg = Release|Any CPU
		{31BC4646-F3CF-4E55-9101-ED196F86C699}.Release|Any CPU.Build.0 = Release|Any CPU
		{6BA41D3E-A50E-44CF-8302-83BACD17916C}.Debug|Any CPU.ActiveCfg = Debug|Any CPU
		{6BA41D3E-A50E-44CF-8302-83BACD17916C}.Debug|Any CPU.Build.0 = Debug|Any CPU
		{6BA41D3E-A50E-44CF-8302-83BACD17916C}.Release|Any CPU.ActiveCfg = Release|Any CPU
		{6BA41D3E-A50E-44CF-8302-83BACD17916C}.Release|Any CPU.Build.0 = Release|Any CPU
		{089EA369-67ED-4C1D-887C-805267706D1B}.Debug|Any CPU.ActiveCfg = Debug|Any CPU
		{089EA369-67ED-4C1D-887C-805267706D1B}.Debug|Any CPU.Build.0 = Debug|Any CPU
		{089EA369-67ED-4C1D-887C-805267706D1B}.Release|Any CPU.ActiveCfg = Release|Any CPU
		{089EA369-67ED-4C1D-887C-805267706D1B}.Release|Any CPU.Build.0 = Release|Any CPU
		{C42403BF-DACB-40F7-8305-6731ECA4A8CD}.Debug|Any CPU.ActiveCfg = Debug|Any CPU
		{C42403BF-DACB-40F7-8305-6731ECA4A8CD}.Debug|Any CPU.Build.0 = Debug|Any CPU
		{C42403BF-DACB-40F7-8305-6731ECA4A8CD}.Release|Any CPU.ActiveCfg = Release|Any CPU
		{C42403BF-DACB-40F7-8305-6731ECA4A8CD}.Release|Any CPU.Build.0 = Release|Any CPU
	EndGlobalSection
EndGlobal
