
Microsoft Visual Studio Solution File, Format Version 12.00
# Visual Studio Version 17
VisualStudioVersion = 17.0.31903.59
MinimumVisualStudioVersion = 10.0.40219.1
Project("{FAE04EC0-301F-11D3-BF4B-00C04F79EFBC}") = "CalculatorLib", "CalculatorLib\CalculatorLib.csproj", "{09C12136-2392-4C74-B6A3-9DDD70292FDC}"
EndProject
Project("{FAE04EC0-301F-11D3-BF4B-00C04F79EFBC}") = "CalculatorLibUnitTests", "CalculatorLibUnitTests\CalculatorLibUnitTests.csproj", "{F521A224-1A1F-47D4-8906-74B8BE079B6B}"
EndProject
Project("{FAE04EC0-301F-11D3-BF4B-00C04F79EFBC}") = "Debugging", "Debugging\Debugging.csproj", "{2B7C3EBC-15D0-48DF-A8B5-CE3DE0E9A17C}"
EndProject
Project("{FAE04EC0-301F-11D3-BF4B-00C04F79EFBC}") = "HotReloading", "HotReloading\HotReloading.csproj", "{79AA9435-CD1E-4430-A53C-18412DF36F0E}"
EndProject
Project("{FAE04EC0-301F-11D3-BF4B-00C04F79EFBC}") = "Instrumenting", "Instrumenting\Instrumenting.csproj", "{035CC480-3E13-4912-B08E-80F167D2DFB9}"
EndProject
Project("{FAE04EC0-301F-11D3-BF4B-00C04F79EFBC}") = "TopLevelFunctions", "TopLevelFunctions\TopLevelFunctions.csproj", "{2672D9EA-F6FD-4FF2-8A6A-E0173AE40B05}"
EndProject
Project("{FAE04EC0-301F-11D3-BF4B-00C04F79EFBC}") = "WritingFunctions", "WritingFunctions\WritingFunctions.csproj", "{C1E07930-82EB-4DD3-8061-B123411F9435}"
EndProject
Project("{FAE04EC0-301F-11D3-BF4B-00C04F79EFBC}") = "CallStackExceptionHandlingLib", "CallStackExceptionHandlingLib\CallStackExceptionHandlingLib.csproj", "{19CB31DD-73B8-4C56-9C82-02DACDCC6B57}"
EndProject
Project("{FAE04EC0-301F-11D3-BF4B-00C04F79EFBC}") = "CallStackExceptionHandling", "CallStackExceptionHandling\CallStackExceptionHandling.csproj", "{DC642944-D86B-4B23-92E7-E82E05FA07FA}"
EndProject
Global
	GlobalSection(SolutionConfigurationPlatforms) = preSolution
		Debug|Any CPU = Debug|Any CPU
		Release|Any CPU = Release|Any CPU
	EndGlobalSection
	GlobalSection(SolutionProperties) = preSolution
		HideSolutionNode = FALSE
	EndGlobalSection
	GlobalSection(ProjectConfigurationPlatforms) = postSolution
		{09C12136-2392-4C74-B6A3-9DDD70292FDC}.Debug|Any CPU.ActiveCfg = Debug|Any CPU
		{09C12136-2392-4C74-B6A3-9DDD70292FDC}.Debug|Any CPU.Build.0 = Debug|Any CPU
		{09C12136-2392-4C74-B6A3-9DDD70292FDC}.Release|Any CPU.ActiveCfg = Release|Any CPU
		{09C12136-2392-4C74-B6A3-9DDD70292FDC}.Release|Any CPU.Build.0 = Release|Any CPU
		{F521A224-1A1F-47D4-8906-74B8BE079B6B}.Debug|Any CPU.ActiveCfg = Debug|Any CPU
		{F521A224-1A1F-47D4-8906-74B8BE079B6B}.Debug|Any CPU.Build.0 = Debug|Any CPU
		{F521A224-1A1F-47D4-8906-74B8BE079B6B}.Release|Any CPU.ActiveCfg = Release|Any CPU
		{F521A224-1A1F-47D4-8906-74B8BE079B6B}.Release|Any CPU.Build.0 = Release|Any CPU
		{2B7C3EBC-15D0-48DF-A8B5-CE3DE0E9A17C}.Debug|Any CPU.ActiveCfg = Debug|Any CPU
		{2B7C3EBC-15D0-48DF-A8B5-CE3DE0E9A17C}.Debug|Any CPU.Build.0 = Debug|Any CPU
		{2B7C3EBC-15D0-48DF-A8B5-CE3DE0E9A17C}.Release|Any CPU.ActiveCfg = Release|Any CPU
		{2B7C3EBC-15D0-48DF-A8B5-CE3DE0E9A17C}.Release|Any CPU.Build.0 = Release|Any CPU
		{79AA9435-CD1E-4430-A53C-18412DF36F0E}.Debug|Any CPU.ActiveCfg = Debug|Any CPU
		{79AA9435-CD1E-4430-A53C-18412DF36F0E}.Debug|Any CPU.Build.0 = Debug|Any CPU
		{79AA9435-CD1E-4430-A53C-18412DF36F0E}.Release|Any CPU.ActiveCfg = Release|Any CPU
		{79AA9435-CD1E-4430-A53C-18412DF36F0E}.Release|Any CPU.Build.0 = Release|Any CPU
		{035CC480-3E13-4912-B08E-80F167D2DFB9}.Debug|Any CPU.ActiveCfg = Debug|Any CPU
		{035CC480-3E13-4912-B08E-80F167D2DFB9}.Debug|Any CPU.Build.0 = Debug|Any CPU
		{035CC480-3E13-4912-B08E-80F167D2DFB9}.Release|Any CPU.ActiveCfg = Release|Any CPU
		{035CC480-3E13-4912-B08E-80F167D2DFB9}.Release|Any CPU.Build.0 = Release|Any CPU
		{2672D9EA-F6FD-4FF2-8A6A-E0173AE40B05}.Debug|Any CPU.ActiveCfg = Debug|Any CPU
		{2672D9EA-F6FD-4FF2-8A6A-E0173AE40B05}.Debug|Any CPU.Build.0 = Debug|Any CPU
		{2672D9EA-F6FD-4FF2-8A6A-E0173AE40B05}.Release|Any CPU.ActiveCfg = Release|Any CPU
		{2672D9EA-F6FD-4FF2-8A6A-E0173AE40B05}.Release|Any CPU.Build.0 = Release|Any CPU
		{C1E07930-82EB-4DD3-8061-B123411F9435}.Debug|Any CPU.ActiveCfg = Debug|Any CPU
		{C1E07930-82EB-4DD3-8061-B123411F9435}.Debug|Any CPU.Build.0 = Debug|Any CPU
		{C1E07930-82EB-4DD3-8061-B123411F9435}.Release|Any CPU.ActiveCfg = Release|Any CPU
		{C1E07930-82EB-4DD3-8061-B123411F9435}.Release|Any CPU.Build.0 = Release|Any CPU
		{19CB31DD-73B8-4C56-9C82-02DACDCC6B57}.Debug|Any CPU.ActiveCfg = Debug|Any CPU
		{19CB31DD-73B8-4C56-9C82-02DACDCC6B57}.Debug|Any CPU.Build.0 = Debug|Any CPU
		{19CB31DD-73B8-4C56-9C82-02DACDCC6B57}.Release|Any CPU.ActiveCfg = Release|Any CPU
		{19CB31DD-73B8-4C56-9C82-02DACDCC6B57}.Release|Any CPU.Build.0 = Release|Any CPU
		{DC642944-D86B-4B23-92E7-E82E05FA07FA}.Debug|Any CPU.ActiveCfg = Debug|Any CPU
		{DC642944-D86B-4B23-92E7-E82E05FA07FA}.Debug|Any CPU.Build.0 = Debug|Any CPU
		{DC642944-D86B-4B23-92E7-E82E05FA07FA}.Release|Any CPU.ActiveCfg = Release|Any CPU
		{DC642944-D86B-4B23-92E7-E82E05FA07FA}.Release|Any CPU.Build.0 = Release|Any CPU
	EndGlobalSection
EndGlobal
