
Microsoft Visual Studio Solution File, Format Version 12.00
# Visual Studio Version 17
VisualStudioVersion = 17.0.31903.59
MinimumVisualStudioVersion = 10.0.40219.1
Project("{FAE04EC0-301F-11D3-BF4B-00C04F79EFBC}") = "TopLevelFunctions", "TopLevelFunctions\TopLevelFunctions.csproj", "{AC3D607D-5DD9-441D-A989-AD89A718C1D7}"
EndProject
Project("{FAE04EC0-301F-11D3-BF4B-00C04F79EFBC}") = "WritingFunctions", "WritingFunctions\WritingFunctions.csproj", "{EBC5F3D9-8C64-468E-B110-F7DA452ADD18}"
EndProject
Global
	GlobalSection(SolutionConfigurationPlatforms) = preSolution
		Debug|Any CPU = Debug|Any CPU
		Release|Any CPU = Release|Any CPU
	EndGlobalSection
	GlobalSection(SolutionProperties) = preSolution
		HideSolutionNode = FALSE
	EndGlobalSection
	GlobalSection(ProjectConfigurationPlatforms) = postSolution
		{AC3D607D-5DD9-441D-A989-AD89A718C1D7}.Debug|Any CPU.ActiveCfg = Debug|Any CPU
		{AC3D607D-5DD9-441D-A989-AD89A718C1D7}.Debug|Any CPU.Build.0 = Debug|Any CPU
		{AC3D607D-5DD9-441D-A989-AD89A718C1D7}.Release|Any CPU.ActiveCfg = Release|Any CPU
		{AC3D607D-5DD9-441D-A989-AD89A718C1D7}.Release|Any CPU.Build.0 = Release|Any CPU
		{FC27ADBE-BB06-47F9-B99E-5BFB24D0347C}.Debug|Any CPU.ActiveCfg = Debug|Any CPU
		{FC27ADBE-BB06-47F9-B99E-5BFB24D0347C}.Debug|Any CPU.Build.0 = Debug|Any CPU
		{FC27ADBE-BB06-47F9-B99E-5BFB24D0347C}.Release|Any CPU.ActiveCfg = Release|Any CPU
		{FC27ADBE-BB06-47F9-B99E-5BFB24D0347C}.Release|Any CPU.Build.0 = Release|Any CPU
		{EBC5F3D9-8C64-468E-B110-F7DA452ADD18}.Debug|Any CPU.ActiveCfg = Debug|Any CPU
		{EBC5F3D9-8C64-468E-B110-F7DA452ADD18}.Debug|Any CPU.Build.0 = Debug|Any CPU
		{EBC5F3D9-8C64-468E-B110-F7DA452ADD18}.Release|Any CPU.ActiveCfg = Release|Any CPU
		{EBC5F3D9-8C64-468E-B110-F7DA452ADD18}.Release|Any CPU.Build.0 = Release|Any CPU
	EndGlobalSection
EndGlobal
